
Microsoft Visual Studio Solution File, Format Version 12.00
# Visual Studio Version 17
VisualStudioVersion = 17.7.34031.279
MinimumVisualStudioVersion = 10.0.40219.1
Project("{FAE04EC0-301F-11D3-BF4B-00C04F79EFBC}") = "QuanLyChuoiCuaHangCoffee", "QuanLyChuoiCuaHangCoffee\QuanLyChuoiCuaHangCoffee.csproj", "{EE0390CE-98D9-440F-9952-8F4D6C9B65C8}"
EndProject
Global
	GlobalSection(SolutionConfigurationPlatforms) = preSolution
		Debug|Any CPU = Debug|Any CPU
		Release|Any CPU = Release|Any CPU
	EndGlobalSection
	GlobalSection(ProjectConfigurationPlatforms) = postSolution
		{EE0390CE-98D9-440F-9952-8F4D6C9B65C8}.Debug|Any CPU.ActiveCfg = Debug|Any CPU
		{EE0390CE-98D9-440F-9952-8F4D6C9B65C8}.Debug|Any CPU.Build.0 = Debug|Any CPU
		{EE0390CE-98D9-440F-9952-8F4D6C9B65C8}.Release|Any CPU.ActiveCfg = Release|Any CPU
		{EE0390CE-98D9-440F-9952-8F4D6C9B65C8}.Release|Any CPU.Build.0 = Release|Any CPU
	EndGlobalSection
	GlobalSection(SolutionProperties) = preSolution
		HideSolutionNode = FALSE
	EndGlobalSection
	GlobalSection(ExtensibilityGlobals) = postSolution
		SolutionGuid = {137AFB6E-FA76-4B4C-A925-B1AB4AD7298A}
	EndGlobalSection
EndGlobal
